{
  "requires": true,
  "lockfileVersion": 1,
  "dependencies": {
    "angular-aria": {
      "version": "1.7.3",
      "resolved": "https://registry.npmjs.org/angular-aria/-/angular-aria-1.7.3.tgz",
      "integrity": "sha512-5D8+W5BlbqPGqu1ybLSRp+HnbZJ1DnuLO8heIxUH14n5JwXrHMpB6jZJ2LlGn4pkVkG7WA/xhvM9NPHUf4cIYg=="
    },
    "angular-messages": {
      "version": "1.7.3",
      "resolved": "https://registry.npmjs.org/angular-messages/-/angular-messages-1.7.3.tgz",
      "integrity": "sha512-OiuQKmz9zmbgW0a3nolCjkVi5xwldglE6Usqt2N48swqBoo8A0iIJw1er781+MaOXZ8vzxolnqILmiFTZYigNw=="
    }
  }
}
